
Microsoft Visual Studio Solution File, Format Version 12.00
# Visual Studio 16
Project("{FAE04EC0-301F-11D3-BF4B-00C04F79EFBC}") = "Assembly-CSharp", "Assembly-CSharp.csproj", "{EB75DA89-5FA3-698D-718F-BAE3C8EE2B7D}"
EndProject
Project("{FAE04EC0-301F-11D3-BF4B-00C04F79EFBC}") = "Assembly-CSharp-Editor", "Assembly-CSharp-Editor.csproj", "{B0AC4E5C-B955-83E4-C1F5-D23030B8E845}"
EndProject
Global
	GlobalSection(SolutionConfigurationPlatforms) = preSolution
		Debug|Any CPU = Debug|Any CPU
		Release|Any CPU = Release|Any CPU
	EndGlobalSection
	GlobalSection(ProjectConfigurationPlatforms) = postSolution
		{EB75DA89-5FA3-698D-718F-BAE3C8EE2B7D}.Debug|Any CPU.ActiveCfg = Debug|Any CPU
		{EB75DA89-5FA3-698D-718F-BAE3C8EE2B7D}.Debug|Any CPU.Build.0 = Debug|Any CPU
		{EB75DA89-5FA3-698D-718F-BAE3C8EE2B7D}.Release|Any CPU.ActiveCfg = Release|Any CPU
		{EB75DA89-5FA3-698D-718F-BAE3C8EE2B7D}.Release|Any CPU.Build.0 = Release|Any CPU
		{B0AC4E5C-B955-83E4-C1F5-D23030B8E845}.Debug|Any CPU.ActiveCfg = Debug|Any CPU
		{B0AC4E5C-B955-83E4-C1F5-D23030B8E845}.Debug|Any CPU.Build.0 = Debug|Any CPU
		{B0AC4E5C-B955-83E4-C1F5-D23030B8E845}.Release|Any CPU.ActiveCfg = Release|Any CPU
		{B0AC4E5C-B955-83E4-C1F5-D23030B8E845}.Release|Any CPU.Build.0 = Release|Any CPU
	EndGlobalSection
	GlobalSection(SolutionProperties) = preSolution
		HideSolutionNode = FALSE
	EndGlobalSection
	GlobalSection(MonoDevelopProperties) = preSolution
		StartupItem = Assembly-CSharp.csproj
	EndGlobalSection
EndGlobal
